{
  "name": "ifc2frag",
  "version": "1.0.0",
  "lockfileVersion": 3,
  "requires": true,
  "packages": {
    "": {
      "name": "ifc2frag",
      "version": "1.0.0",
      "dependencies": {
        "@thatopen/fragments": "latest",
        "web-ifc": "^0.0.75"
      },
      "bin": {
        "ifc2frag": "cli.js"
      }
    },
    "node_modules/@thatopen/fragments": {
      "version": "3.3.5",
      "resolved": "https://registry.npmjs.org/@thatopen/fragments/-/fragments-3.3.5.tgz",
      "integrity": "sha512-oRRilc9SHzKAgy6tlxwSzYmgnPQL5meIOtr2KwvvGgigA8VfXr3TgaCVC5Xw3AUI8TWMIfmpVWFDvTN6eWSggQ==",
      "license": "MIT",
      "dependencies": {
        "earcut": "^3.0.1",
        "flatbuffers": "25.2.10",
        "lru-cache": "11.1.0",
        "pako": "2.1.0"
      },
      "peerDependencies": {
        "three": ">=0.175",
        "web-ifc": ">=0.0.74"
      }
    },
    "node_modules/earcut": {
      "version": "3.0.2",
      "resolved": "https://registry.npmjs.org/earcut/-/earcut-3.0.2.tgz",
      "integrity": "sha512-X7hshQbLyMJ/3RPhyObLARM2sNxxmRALLKx1+NVFFnQ9gKzmCrxm9+uLIAdBcvc8FNLpctqlQ2V6AE92Ol9UDQ==",
      "license": "ISC"
    },
    "node_modules/flatbuffers": {
      "version": "25.2.10",
      "resolved": "https://registry.npmjs.org/flatbuffers/-/flatbuffers-25.2.10.tgz",
      "integrity": "sha512-7JlN9ZvLDG1McO3kbX0k4v+SUAg48L1rIwEvN6ZQl/eCtgJz9UylTMzE9wrmYrcorgxm3CX/3T/w5VAub99UUw==",
      "license": "Apache-2.0"
    },
    "node_modules/lru-cache": {
      "version": "11.1.0",
      "resolved": "https://registry.npmjs.org/lru-cache/-/lru-cache-11.1.0.tgz",
      "integrity": "sha512-QIXZUBJUx+2zHUdQujWejBkcD9+cs94tLn0+YL8UrCh+D5sCXZ4c7LaEH48pNwRY3MLDgqUFyhlCyjJPf1WP0A==",
      "license": "ISC",
      "engines": {
        "node": "20 || >=22"
      }
    },
    "node_modules/pako": {
      "version": "2.1.0",
      "resolved": "https://registry.npmjs.org/pako/-/pako-2.1.0.tgz",
      "integrity": "sha512-w+eufiZ1WuJYgPXbV/PO3NCMEc3xqylkKHzp8bxp1uW4qaSNQUkwmLLEc3kKsfz8lpV1F8Ht3U1Cm+9Srog2ug==",
      "license": "(MIT AND Zlib)"
    },
    "node_modules/three": {
      "version": "0.183.1",
      "resolved": "https://registry.npmjs.org/three/-/three-0.183.1.tgz",
      "integrity": "sha512-Psv6bbd3d/M/01MT2zZ+VmD0Vj2dbWTNhfe4CuSg7w5TuW96M3NOyCVuh9SZQ05CpGmD7NEcJhZw4GVjhCYxfQ==",
      "license": "MIT",
      "peer": true
    },
    "node_modules/web-ifc": {
      "version": "0.0.75",
      "resolved": "https://registry.npmjs.org/web-ifc/-/web-ifc-0.0.75.tgz",
      "integrity": "sha512-d+xKbBkNgySlbZJF0zLG1zW6KOqT76/Ser7G2FrbO5w+y00WJy3yEPPoHbINF2WqMrhoGxSxw5d64jt4Om9WrQ==",
      "license": "MPL-2.0"
    }
  }
}
