# THIS IS AN AUTOGENERATED FILE. DO NOT EDIT THIS FILE DIRECTLY.
# yarn lockfile v1


"@thatopen/fragments@latest":
  version "3.3.6"
  resolved "https://registry.yarnpkg.com/@thatopen/fragments/-/fragments-3.3.6.tgz#dedf6441774d9fa136d1bccedcf7aaecaec4d731"
  integrity sha512-obzaDjcjsyjUU4/B9q/5DSIRUbhQ+za4JC/wDPgoSgDKofVCJ9YrpuBNZ+0QHGbUcF03+Uv2kzG9hsCOsUgX6Q==
  dependencies:
    earcut "^3.0.1"
    flatbuffers "25.2.10"
    lru-cache "11.1.0"
    pako "2.1.0"

earcut@^3.0.1:
  version "3.0.2"
  resolved "https://registry.yarnpkg.com/earcut/-/earcut-3.0.2.tgz#d478a29aaf99acf418151493048aa197d0512248"
  integrity sha512-X7hshQbLyMJ/3RPhyObLARM2sNxxmRALLKx1+NVFFnQ9gKzmCrxm9+uLIAdBcvc8FNLpctqlQ2V6AE92Ol9UDQ==

flatbuffers@25.2.10:
  version "25.2.10"
  resolved "https://registry.yarnpkg.com/flatbuffers/-/flatbuffers-25.2.10.tgz#308b750545f62db670ca4c9d7dbc66161420a95e"
  integrity sha512-7JlN9ZvLDG1McO3kbX0k4v+SUAg48L1rIwEvN6ZQl/eCtgJz9UylTMzE9wrmYrcorgxm3CX/3T/w5VAub99UUw==

lru-cache@11.1.0:
  version "11.1.0"
  resolved "https://registry.yarnpkg.com/lru-cache/-/lru-cache-11.1.0.tgz#afafb060607108132dbc1cf8ae661afb69486117"
  integrity sha512-QIXZUBJUx+2zHUdQujWejBkcD9+cs94tLn0+YL8UrCh+D5sCXZ4c7LaEH48pNwRY3MLDgqUFyhlCyjJPf1WP0A==

pako@2.1.0:
  version "2.1.0"
  resolved "https://registry.yarnpkg.com/pako/-/pako-2.1.0.tgz#266cc37f98c7d883545d11335c00fbd4062c9a86"
  integrity sha512-w+eufiZ1WuJYgPXbV/PO3NCMEc3xqylkKHzp8bxp1uW4qaSNQUkwmLLEc3kKsfz8lpV1F8Ht3U1Cm+9Srog2ug==

web-ifc@^0.0.75:
  version "0.0.75"
  resolved "https://registry.yarnpkg.com/web-ifc/-/web-ifc-0.0.75.tgz#a244082b72b0ad75a9d986f6a29bfc1870813ff7"
  integrity sha512-d+xKbBkNgySlbZJF0zLG1zW6KOqT76/Ser7G2FrbO5w+y00WJy3yEPPoHbINF2WqMrhoGxSxw5d64jt4Om9WrQ==
