# This file is generated by running "yarn install" inside your project.
# Manual changes might be lost - proceed with caution!

__metadata:
  version: 8
  cacheKey: 10c0

"@thatopen/fragments@npm:^3.3.6":
  version: 3.3.6
  resolution: "@thatopen/fragments@npm:3.3.6"
  dependencies:
    earcut: "npm:^3.0.1"
    flatbuffers: "npm:25.2.10"
    lru-cache: "npm:11.1.0"
    pako: "npm:2.1.0"
  peerDependencies:
    three: ">=0.175"
    web-ifc: ">=0.0.74"
  checksum: 10c0/39e834c4187a9c3aeafbd0823404297887945b26d37b2f5ad4ef62b79abb8453e41319aba771534bbca55cd41a36958baccf054a09da59ec58ad0bd2b22ad85d
  languageName: node
  linkType: hard

"earcut@npm:^3.0.1":
  version: 3.0.2
  resolution: "earcut@npm:3.0.2"
  checksum: 10c0/3d76da3d8a935244d59713edc70de71cdb5326a80b31c5c5cb96bc5b61f56b86ed35f032fffb66be7a4558e06efe1e94934f43ba6ca1b6c2af1420e87dd7ad71
  languageName: node
  linkType: hard

"flatbuffers@npm:25.2.10":
  version: 25.2.10
  resolution: "flatbuffers@npm:25.2.10"
  checksum: 10c0/2ea1ab805d4ec35fb61e7d3b69c90886e4a35683cd0460da667c234400b2fa2e3e79992a73848cf18d5995c8e7d9eaef0e54f0d0aec5192b17b0014113cf90b9
  languageName: node
  linkType: hard

"ifc2frag@workspace:.":
  version: 0.0.0-use.local
  resolution: "ifc2frag@workspace:."
  dependencies:
    "@thatopen/fragments": "npm:^3.3.6"
    three: "npm:^0.183.2"
    web-ifc: "npm:0.0.74"
  bin:
    ifc2frag: ./cli.js
  languageName: unknown
  linkType: soft

"lru-cache@npm:11.1.0":
  version: 11.1.0
  resolution: "lru-cache@npm:11.1.0"
  checksum: 10c0/85c312f7113f65fae6a62de7985348649937eb34fb3d212811acbf6704dc322a421788aca253b62838f1f07049a84cc513d88f494e373d3756514ad263670a64
  languageName: node
  linkType: hard

"pako@npm:2.1.0":
  version: 2.1.0
  resolution: "pako@npm:2.1.0"
  checksum: 10c0/8e8646581410654b50eb22a5dfd71159cae98145bd5086c9a7a816ec0370b5f72b4648d08674624b3870a521e6a3daffd6c2f7bc00fdefc7063c9d8232ff5116
  languageName: node
  linkType: hard

"three@npm:^0.183.2":
  version: 0.183.2
  resolution: "three@npm:0.183.2"
  checksum: 10c0/dd42957a99f5ea3e6f907e17eaa3c99a931180bac24be68b8e0ff13674bc44314d3255839ec1802ad1251d9e508f542b8d26b2cc86a6b44ac9b06de34b37fdc7
  languageName: node
  linkType: hard

"web-ifc@npm:0.0.74":
  version: 0.0.74
  resolution: "web-ifc@npm:0.0.74"
  checksum: 10c0/a9c11e8694f5f7edd2f3c56a1cd1d56275483c15f4e86fc0bb67d758569ade4532c4ff6da3376845109ad6912bfa960bbce9da12f989f27ac74c2ffd67de0b35
  languageName: node
  linkType: hard
